
Microsoft Visual Studio Solution File, Format Version 12.00
# Visual Studio Version 17
VisualStudioVersion = 17.3.32922.545
MinimumVisualStudioVersion = 10.0.40219.1
Project("{FAE04EC0-301F-11D3-BF4B-00C04F79EFBC}") = "아무거나 만들꺼", "아무거나 만들꺼\아무거나 만들꺼.csproj", "{A3FD84C8-E7B5-40FF-950F-359DFAD4A62B}"
EndProject
Global
	GlobalSection(SolutionConfigurationPlatforms) = preSolution
		Debug|Any CPU = Debug|Any CPU
		Release|Any CPU = Release|Any CPU
	EndGlobalSection
	GlobalSection(ProjectConfigurationPlatforms) = postSolution
		{A3FD84C8-E7B5-40FF-950F-359DFAD4A62B}.Debug|Any CPU.ActiveCfg = Debug|Any CPU
		{A3FD84C8-E7B5-40FF-950F-359DFAD4A62B}.Debug|Any CPU.Build.0 = Debug|Any CPU
		{A3FD84C8-E7B5-40FF-950F-359DFAD4A62B}.Release|Any CPU.ActiveCfg = Release|Any CPU
		{A3FD84C8-E7B5-40FF-950F-359DFAD4A62B}.Release|Any CPU.Build.0 = Release|Any CPU
	EndGlobalSection
	GlobalSection(SolutionProperties) = preSolution
		HideSolutionNode = FALSE
	EndGlobalSection
	GlobalSection(ExtensibilityGlobals) = postSolution
		SolutionGuid = {733B3D23-7F1D-427C-A0B7-1FE33482C9C3}
	EndGlobalSection
EndGlobal
